
Microsoft Visual Studio Solution File, Format Version 12.00
# Visual Studio Version 16
VisualStudioVersion = 16.0.30309.148
MinimumVisualStudioVersion = 10.0.40219.1
Project("{F184B08F-C81C-45F6-A57F-5ABD9991F28F}") = "FormaPrueba", "FormaPrueba\FormaPrueba.vbproj", "{FA32375C-1E8A-4FFF-91F0-C77306AEC1ED}"
EndProject
Global
	GlobalSection(SolutionConfigurationPlatforms) = preSolution
		Debug|Any CPU = Debug|Any CPU
		Release|Any CPU = Release|Any CPU
	EndGlobalSection
	GlobalSection(ProjectConfigurationPlatforms) = postSolution
		{FA32375C-1E8A-4FFF-91F0-C77306AEC1ED}.Debug|Any CPU.ActiveCfg = Debug|Any CPU
		{FA32375C-1E8A-4FFF-91F0-C77306AEC1ED}.Debug|Any CPU.Build.0 = Debug|Any CPU
		{FA32375C-1E8A-4FFF-91F0-C77306AEC1ED}.Release|Any CPU.ActiveCfg = Release|Any CPU
		{FA32375C-1E8A-4FFF-91F0-C77306AEC1ED}.Release|Any CPU.Build.0 = Release|Any CPU
	EndGlobalSection
	GlobalSection(SolutionProperties) = preSolution
		HideSolutionNode = FALSE
	EndGlobalSection
	GlobalSection(ExtensibilityGlobals) = postSolution
		SolutionGuid = {554265B4-0B12-4790-9DDD-B709703DF940}
	EndGlobalSection
EndGlobal
